
Microsoft Visual Studio Solution File, Format Version 12.00
# Visual Studio Version 17
VisualStudioVersion = 17.14.36408.4 d17.14
MinimumVisualStudioVersion = 10.0.40219.1
Project("{FAE04EC0-301F-11D3-BF4B-00C04F79EFBC}") = "Vor", "Vor\Vor.csproj", "{0AAEE8F1-E6CC-472D-905D-06D5A80D0EFA}"
EndProject
Global
	GlobalSection(SolutionConfigurationPlatforms) = preSolution
		Debug|Any CPU = Debug|Any CPU
		Release|Any CPU = Release|Any CPU
	EndGlobalSection
	GlobalSection(ProjectConfigurationPlatforms) = postSolution
		{0AAEE8F1-E6CC-472D-905D-06D5A80D0EFA}.Debug|Any CPU.ActiveCfg = Debug|Any CPU
		{0AAEE8F1-E6CC-472D-905D-06D5A80D0EFA}.Debug|Any CPU.Build.0 = Debug|Any CPU
		{0AAEE8F1-E6CC-472D-905D-06D5A80D0EFA}.Release|Any CPU.ActiveCfg = Release|Any CPU
		{0AAEE8F1-E6CC-472D-905D-06D5A80D0EFA}.Release|Any CPU.Build.0 = Release|Any CPU
	EndGlobalSection
	GlobalSection(SolutionProperties) = preSolution
		HideSolutionNode = FALSE
	EndGlobalSection
	GlobalSection(ExtensibilityGlobals) = postSolution
		SolutionGuid = {72C56BA8-E66C-4B5D-A2D4-8EED76C1B858}
	EndGlobalSection
EndGlobal
